
Microsoft Visual Studio Solution File, Format Version 12.00
# Visual Studio Version 17
VisualStudioVersion = 17.0.32014.148
MinimumVisualStudioVersion = 10.0.40219.1
Project("{9A19103F-16F7-4668-BE54-9A1E7A4F7556}") = "TiposDeDatos", "TiposDeDatos\TiposDeDatos.csproj", "{CA6CF56E-FD21-448A-836E-DF6103055586}"
EndProject
Project("{9A19103F-16F7-4668-BE54-9A1E7A4F7556}") = "Variables", "Variables\Variables.csproj", "{0FEC8D5E-0C00-483A-8785-F2C62DB6B2D2}"
EndProject
Project("{9A19103F-16F7-4668-BE54-9A1E7A4F7556}") = "Funciones", "Funciones\Funciones.csproj", "{4EAB00DD-2026-45F3-9A7C-EC0F28F1BCDD}"
EndProject
Project("{9A19103F-16F7-4668-BE54-9A1E7A4F7556}") = "Condicionales", "Condicionales\Condicionales.csproj", "{BB10FCCE-FFDA-4C0E-AFD5-625DA8FD6E04}"
EndProject
Project("{9A19103F-16F7-4668-BE54-9A1E7A4F7556}") = "SentenciaSwitch", "SentenciaSwitch\SentenciaSwitch.csproj", "{4915C0B3-6DEE-4941-ADB5-88DCA71B2522}"
EndProject
Project("{9A19103F-16F7-4668-BE54-9A1E7A4F7556}") = "Arreglos", "Arreglos\Arreglos.csproj", "{3131DA25-1A37-40F2-870E-392A930BF166}"
EndProject
Project("{9A19103F-16F7-4668-BE54-9A1E7A4F7556}") = "WhileDoWhile", "WhileDoWhile\WhileDoWhile.csproj", "{19E74321-44C8-4F8F-BBB7-954A53BEE0FE}"
EndProject
Project("{9A19103F-16F7-4668-BE54-9A1E7A4F7556}") = "For", "For\For.csproj", "{5B5C769C-DD87-4677-89E4-9D011DB8FC3E}"
EndProject
Project("{9A19103F-16F7-4668-BE54-9A1E7A4F7556}") = "ClasesYObjectos", "ClasesYObjectos\ClasesYObjectos.csproj", "{C7C0DCE3-9343-42DD-8313-A04E213F7D78}"
EndProject
Project("{9A19103F-16F7-4668-BE54-9A1E7A4F7556}") = "POO_Propiedades", "POO_Propiedades\POO_Propiedades.csproj", "{A18D4B2A-E302-49CE-A5BC-7DB78FAB6D79}"
EndProject
Project("{9A19103F-16F7-4668-BE54-9A1E7A4F7556}") = "POO_Herencia", "POO_Herencia\POO_Herencia.csproj", "{85917C44-2369-49E8-B224-6645CDA854F2}"
EndProject
Project("{9A19103F-16F7-4668-BE54-9A1E7A4F7556}") = "POO_SobreCarga_Metodos", "POO_SobreCarga_Metodos\POO_SobreCarga_Metodos.csproj", "{F351DAA8-F2A2-44A9-B75F-A1CE2FB41D8C}"
EndProject
Project("{9A19103F-16F7-4668-BE54-9A1E7A4F7556}") = "POO_SobreEscritura_Metodos", "POO_SobreEscritura_Metodos\POO_SobreEscritura_Metodos.csproj", "{F81F8304-79C0-4938-BD85-D9B31211FA64}"
EndProject
Project("{9A19103F-16F7-4668-BE54-9A1E7A4F7556}") = "POO_Static", "POO_Static\POO_Static.csproj", "{FA7A415E-D40F-4592-96CE-394351112632}"
EndProject
Project("{9A19103F-16F7-4668-BE54-9A1E7A4F7556}") = "POO_Interfaces", "POO_Interfaces\POO_Interfaces.csproj", "{82965C1D-6CD8-48AD-8F5F-267A8B6E3CBE}"
EndProject
Project("{9A19103F-16F7-4668-BE54-9A1E7A4F7556}") = "Record", "peak\Record.csproj", "{C8CA5144-AD5F-4214-9EA1-87B4CD37D216}"
EndProject
Project("{9A19103F-16F7-4668-BE54-9A1E7A4F7556}") = "POO_Generics", "POO_Generics\POO_Generics.csproj", "{E955913B-7EC0-4D27-ACA5-451F02969843}"
EndProject
Project("{9A19103F-16F7-4668-BE54-9A1E7A4F7556}") = "Json", "Json\Json.csproj", "{71E545FF-7FE3-41A7-A64C-4D8F1B15319A}"
EndProject
Project("{9A19103F-16F7-4668-BE54-9A1E7A4F7556}") = "Listas", "Listas\Listas.csproj", "{BBE6016A-A179-4804-9758-12FC264C1147}"
EndProject
Project("{9A19103F-16F7-4668-BE54-9A1E7A4F7556}") = "ForEach", "ForEach\ForEach.csproj", "{2BAEA354-121A-4E6B-8DF8-8725AF48738E}"
EndProject
Project("{9A19103F-16F7-4668-BE54-9A1E7A4F7556}") = "Excepciones", "Excepciones\Excepciones.csproj", "{7B2337DE-33A1-48AF-B9E8-DCD9A2198E1F}"
EndProject
Project("{9A19103F-16F7-4668-BE54-9A1E7A4F7556}") = "ExcepcionesPersonalizadas", "ExcepcionesPersonalizadas\ExcepcionesPersonalizadas.csproj", "{DECC89B8-B4E1-4803-A1C0-CC129B60A818}"
EndProject
Project("{9A19103F-16F7-4668-BE54-9A1E7A4F7556}") = "LINQ", "LINQ\LINQ.csproj", "{B1C5AB99-7382-424C-93C9-3F4554DAC6A1}"
EndProject
Project("{9A19103F-16F7-4668-BE54-9A1E7A4F7556}") = "LINQ_Join", "LINQ_Join\LINQ_Join.csproj", "{26EF3369-437A-4476-9D84-F21208542E9F}"
EndProject
Project("{9A19103F-16F7-4668-BE54-9A1E7A4F7556}") = "BaseDeDatos", "BaseDeDatos\BaseDeDatos.csproj", "{5A8838BC-87E9-466D-BC90-A3D66420B691}"
EndProject
Project("{FAE04EC0-301F-11D3-BF4B-00C04F79EFBC}") = "EF", "EF\EF.csproj", "{851D8511-4A60-446E-9578-724D7403B24B}"
EndProject
Global
	GlobalSection(SolutionConfigurationPlatforms) = preSolution
		Debug|Any CPU = Debug|Any CPU
		Release|Any CPU = Release|Any CPU
	EndGlobalSection
	GlobalSection(ProjectConfigurationPlatforms) = postSolution
		{CA6CF56E-FD21-448A-836E-DF6103055586}.Debug|Any CPU.ActiveCfg = Debug|Any CPU
		{CA6CF56E-FD21-448A-836E-DF6103055586}.Debug|Any CPU.Build.0 = Debug|Any CPU
		{CA6CF56E-FD21-448A-836E-DF6103055586}.Release|Any CPU.ActiveCfg = Release|Any CPU
		{CA6CF56E-FD21-448A-836E-DF6103055586}.Release|Any CPU.Build.0 = Release|Any CPU
		{0FEC8D5E-0C00-483A-8785-F2C62DB6B2D2}.Debug|Any CPU.ActiveCfg = Debug|Any CPU
		{0FEC8D5E-0C00-483A-8785-F2C62DB6B2D2}.Debug|Any CPU.Build.0 = Debug|Any CPU
		{0FEC8D5E-0C00-483A-8785-F2C62DB6B2D2}.Release|Any CPU.ActiveCfg = Release|Any CPU
		{0FEC8D5E-0C00-483A-8785-F2C62DB6B2D2}.Release|Any CPU.Build.0 = Release|Any CPU
		{4EAB00DD-2026-45F3-9A7C-EC0F28F1BCDD}.Debug|Any CPU.ActiveCfg = Debug|Any CPU
		{4EAB00DD-2026-45F3-9A7C-EC0F28F1BCDD}.Debug|Any CPU.Build.0 = Debug|Any CPU
		{4EAB00DD-2026-45F3-9A7C-EC0F28F1BCDD}.Release|Any CPU.ActiveCfg = Release|Any CPU
		{4EAB00DD-2026-45F3-9A7C-EC0F28F1BCDD}.Release|Any CPU.Build.0 = Release|Any CPU
		{BB10FCCE-FFDA-4C0E-AFD5-625DA8FD6E04}.Debug|Any CPU.ActiveCfg = Debug|Any CPU
		{BB10FCCE-FFDA-4C0E-AFD5-625DA8FD6E04}.Debug|Any CPU.Build.0 = Debug|Any CPU
		{BB10FCCE-FFDA-4C0E-AFD5-625DA8FD6E04}.Release|Any CPU.ActiveCfg = Release|Any CPU
		{BB10FCCE-FFDA-4C0E-AFD5-625DA8FD6E04}.Release|Any CPU.Build.0 = Release|Any CPU
		{4915C0B3-6DEE-4941-ADB5-88DCA71B2522}.Debug|Any CPU.ActiveCfg = Debug|Any CPU
		{4915C0B3-6DEE-4941-ADB5-88DCA71B2522}.Debug|Any CPU.Build.0 = Debug|Any CPU
		{4915C0B3-6DEE-4941-ADB5-88DCA71B2522}.Release|Any CPU.ActiveCfg = Release|Any CPU
		{4915C0B3-6DEE-4941-ADB5-88DCA71B2522}.Release|Any CPU.Build.0 = Release|Any CPU
		{3131DA25-1A37-40F2-870E-392A930BF166}.Debug|Any CPU.ActiveCfg = Debug|Any CPU
		{3131DA25-1A37-40F2-870E-392A930BF166}.Debug|Any CPU.Build.0 = Debug|Any CPU
		{3131DA25-1A37-40F2-870E-392A930BF166}.Release|Any CPU.ActiveCfg = Release|Any CPU
		{3131DA25-1A37-40F2-870E-392A930BF166}.Release|Any CPU.Build.0 = Release|Any CPU
		{19E74321-44C8-4F8F-BBB7-954A53BEE0FE}.Debug|Any CPU.ActiveCfg = Debug|Any CPU
		{19E74321-44C8-4F8F-BBB7-954A53BEE0FE}.Debug|Any CPU.Build.0 = Debug|Any CPU
		{19E74321-44C8-4F8F-BBB7-954A53BEE0FE}.Release|Any CPU.ActiveCfg = Release|Any CPU
		{19E74321-44C8-4F8F-BBB7-954A53BEE0FE}.Release|Any CPU.Build.0 = Release|Any CPU
		{5B5C769C-DD87-4677-89E4-9D011DB8FC3E}.Debug|Any CPU.ActiveCfg = Debug|Any CPU
		{5B5C769C-DD87-4677-89E4-9D011DB8FC3E}.Debug|Any CPU.Build.0 = Debug|Any CPU
		{5B5C769C-DD87-4677-89E4-9D011DB8FC3E}.Release|Any CPU.ActiveCfg = Release|Any CPU
		{5B5C769C-DD87-4677-89E4-9D011DB8FC3E}.Release|Any CPU.Build.0 = Release|Any CPU
		{C7C0DCE3-9343-42DD-8313-A04E213F7D78}.Debug|Any CPU.ActiveCfg = Debug|Any CPU
		{C7C0DCE3-9343-42DD-8313-A04E213F7D78}.Debug|Any CPU.Build.0 = Debug|Any CPU
		{C7C0DCE3-9343-42DD-8313-A04E213F7D78}.Release|Any CPU.ActiveCfg = Release|Any CPU
		{C7C0DCE3-9343-42DD-8313-A04E213F7D78}.Release|Any CPU.Build.0 = Release|Any CPU
		{A18D4B2A-E302-49CE-A5BC-7DB78FAB6D79}.Debug|Any CPU.ActiveCfg = Debug|Any CPU
		{A18D4B2A-E302-49CE-A5BC-7DB78FAB6D79}.Debug|Any CPU.Build.0 = Debug|Any CPU
		{A18D4B2A-E302-49CE-A5BC-7DB78FAB6D79}.Release|Any CPU.ActiveCfg = Release|Any CPU
		{A18D4B2A-E302-49CE-A5BC-7DB78FAB6D79}.Release|Any CPU.Build.0 = Release|Any CPU
		{85917C44-2369-49E8-B224-6645CDA854F2}.Debug|Any CPU.ActiveCfg = Debug|Any CPU
		{85917C44-2369-49E8-B224-6645CDA854F2}.Debug|Any CPU.Build.0 = Debug|Any CPU
		{85917C44-2369-49E8-B224-6645CDA854F2}.Release|Any CPU.ActiveCfg = Release|Any CPU
		{85917C44-2369-49E8-B224-6645CDA854F2}.Release|Any CPU.Build.0 = Release|Any CPU
		{F351DAA8-F2A2-44A9-B75F-A1CE2FB41D8C}.Debug|Any CPU.ActiveCfg = Debug|Any CPU
		{F351DAA8-F2A2-44A9-B75F-A1CE2FB41D8C}.Debug|Any CPU.Build.0 = Debug|Any CPU
		{F351DAA8-F2A2-44A9-B75F-A1CE2FB41D8C}.Release|Any CPU.ActiveCfg = Release|Any CPU
		{F351DAA8-F2A2-44A9-B75F-A1CE2FB41D8C}.Release|Any CPU.Build.0 = Release|Any CPU
		{F81F8304-79C0-4938-BD85-D9B31211FA64}.Debug|Any CPU.ActiveCfg = Debug|Any CPU
		{F81F8304-79C0-4938-BD85-D9B31211FA64}.Debug|Any CPU.Build.0 = Debug|Any CPU
		{F81F8304-79C0-4938-BD85-D9B31211FA64}.Release|Any CPU.ActiveCfg = Release|Any CPU
		{F81F8304-79C0-4938-BD85-D9B31211FA64}.Release|Any CPU.Build.0 = Release|Any CPU
		{FA7A415E-D40F-4592-96CE-394351112632}.Debug|Any CPU.ActiveCfg = Debug|Any CPU
		{FA7A415E-D40F-4592-96CE-394351112632}.Debug|Any CPU.Build.0 = Debug|Any CPU
		{FA7A415E-D40F-4592-96CE-394351112632}.Release|Any CPU.ActiveCfg = Release|Any CPU
		{FA7A415E-D40F-4592-96CE-394351112632}.Release|Any CPU.Build.0 = Release|Any CPU
		{82965C1D-6CD8-48AD-8F5F-267A8B6E3CBE}.Debug|Any CPU.ActiveCfg = Debug|Any CPU
		{82965C1D-6CD8-48AD-8F5F-267A8B6E3CBE}.Debug|Any CPU.Build.0 = Debug|Any CPU
		{82965C1D-6CD8-48AD-8F5F-267A8B6E3CBE}.Release|Any CPU.ActiveCfg = Release|Any CPU
		{82965C1D-6CD8-48AD-8F5F-267A8B6E3CBE}.Release|Any CPU.Build.0 = Release|Any CPU
		{C8CA5144-AD5F-4214-9EA1-87B4CD37D216}.Debug|Any CPU.ActiveCfg = Debug|Any CPU
		{C8CA5144-AD5F-4214-9EA1-87B4CD37D216}.Debug|Any CPU.Build.0 = Debug|Any CPU
		{C8CA5144-AD5F-4214-9EA1-87B4CD37D216}.Release|Any CPU.ActiveCfg = Release|Any CPU
		{C8CA5144-AD5F-4214-9EA1-87B4CD37D216}.Release|Any CPU.Build.0 = Release|Any CPU
		{E955913B-7EC0-4D27-ACA5-451F02969843}.Debug|Any CPU.ActiveCfg = Debug|Any CPU
		{E955913B-7EC0-4D27-ACA5-451F02969843}.Debug|Any CPU.Build.0 = Debug|Any CPU
		{E955913B-7EC0-4D27-ACA5-451F02969843}.Release|Any CPU.ActiveCfg = Release|Any CPU
		{E955913B-7EC0-4D27-ACA5-451F02969843}.Release|Any CPU.Build.0 = Release|Any CPU
		{71E545FF-7FE3-41A7-A64C-4D8F1B15319A}.Debug|Any CPU.ActiveCfg = Debug|Any CPU
		{71E545FF-7FE3-41A7-A64C-4D8F1B15319A}.Debug|Any CPU.Build.0 = Debug|Any CPU
		{71E545FF-7FE3-41A7-A64C-4D8F1B15319A}.Release|Any CPU.ActiveCfg = Release|Any CPU
		{71E545FF-7FE3-41A7-A64C-4D8F1B15319A}.Release|Any CPU.Build.0 = Release|Any CPU
		{BBE6016A-A179-4804-9758-12FC264C1147}.Debug|Any CPU.ActiveCfg = Debug|Any CPU
		{BBE6016A-A179-4804-9758-12FC264C1147}.Debug|Any CPU.Build.0 = Debug|Any CPU
		{BBE6016A-A179-4804-9758-12FC264C1147}.Release|Any CPU.ActiveCfg = Release|Any CPU
		{BBE6016A-A179-4804-9758-12FC264C1147}.Release|Any CPU.Build.0 = Release|Any CPU
		{2BAEA354-121A-4E6B-8DF8-8725AF48738E}.Debug|Any CPU.ActiveCfg = Debug|Any CPU
		{2BAEA354-121A-4E6B-8DF8-8725AF48738E}.Debug|Any CPU.Build.0 = Debug|Any CPU
		{2BAEA354-121A-4E6B-8DF8-8725AF48738E}.Release|Any CPU.ActiveCfg = Release|Any CPU
		{2BAEA354-121A-4E6B-8DF8-8725AF48738E}.Release|Any CPU.Build.0 = Release|Any CPU
		{7B2337DE-33A1-48AF-B9E8-DCD9A2198E1F}.Debug|Any CPU.ActiveCfg = Debug|Any CPU
		{7B2337DE-33A1-48AF-B9E8-DCD9A2198E1F}.Debug|Any CPU.Build.0 = Debug|Any CPU
		{7B2337DE-33A1-48AF-B9E8-DCD9A2198E1F}.Release|Any CPU.ActiveCfg = Release|Any CPU
		{7B2337DE-33A1-48AF-B9E8-DCD9A2198E1F}.Release|Any CPU.Build.0 = Release|Any CPU
		{DECC89B8-B4E1-4803-A1C0-CC129B60A818}.Debug|Any CPU.ActiveCfg = Debug|Any CPU
		{DECC89B8-B4E1-4803-A1C0-CC129B60A818}.Debug|Any CPU.Build.0 = Debug|Any CPU
		{DECC89B8-B4E1-4803-A1C0-CC129B60A818}.Release|Any CPU.ActiveCfg = Release|Any CPU
		{DECC89B8-B4E1-4803-A1C0-CC129B60A818}.Release|Any CPU.Build.0 = Release|Any CPU
		{B1C5AB99-7382-424C-93C9-3F4554DAC6A1}.Debug|Any CPU.ActiveCfg = Debug|Any CPU
		{B1C5AB99-7382-424C-93C9-3F4554DAC6A1}.Debug|Any CPU.Build.0 = Debug|Any CPU
		{B1C5AB99-7382-424C-93C9-3F4554DAC6A1}.Release|Any CPU.ActiveCfg = Release|Any CPU
		{B1C5AB99-7382-424C-93C9-3F4554DAC6A1}.Release|Any CPU.Build.0 = Release|Any CPU
		{26EF3369-437A-4476-9D84-F21208542E9F}.Debug|Any CPU.ActiveCfg = Debug|Any CPU
		{26EF3369-437A-4476-9D84-F21208542E9F}.Debug|Any CPU.Build.0 = Debug|Any CPU
		{26EF3369-437A-4476-9D84-F21208542E9F}.Release|Any CPU.ActiveCfg = Release|Any CPU
		{26EF3369-437A-4476-9D84-F21208542E9F}.Release|Any CPU.Build.0 = Release|Any CPU
		{5A8838BC-87E9-466D-BC90-A3D66420B691}.Debug|Any CPU.ActiveCfg = Debug|Any CPU
		{5A8838BC-87E9-466D-BC90-A3D66420B691}.Debug|Any CPU.Build.0 = Debug|Any CPU
		{5A8838BC-87E9-466D-BC90-A3D66420B691}.Release|Any CPU.ActiveCfg = Release|Any CPU
		{5A8838BC-87E9-466D-BC90-A3D66420B691}.Release|Any CPU.Build.0 = Release|Any CPU
		{851D8511-4A60-446E-9578-724D7403B24B}.Debug|Any CPU.ActiveCfg = Debug|Any CPU
		{851D8511-4A60-446E-9578-724D7403B24B}.Debug|Any CPU.Build.0 = Debug|Any CPU
		{851D8511-4A60-446E-9578-724D7403B24B}.Release|Any CPU.ActiveCfg = Release|Any CPU
		{851D8511-4A60-446E-9578-724D7403B24B}.Release|Any CPU.Build.0 = Release|Any CPU
	EndGlobalSection
	GlobalSection(SolutionProperties) = preSolution
		HideSolutionNode = FALSE
	EndGlobalSection
	GlobalSection(ExtensibilityGlobals) = postSolution
		SolutionGuid = {4496744A-FF9C-4971-BF3F-4109714B5264}
	EndGlobalSection
EndGlobal
