
Microsoft Visual Studio Solution File, Format Version 12.00
# Visual Studio Version 17
VisualStudioVersion = 17.0.32014.148
MinimumVisualStudioVersion = 10.0.40219.1
Project("{9A19103F-16F7-4668-BE54-9A1E7A4F7556}") = "TiposDeDatos", "TiposDeDatos\TiposDeDatos.csproj", "{CA6CF56E-FD21-448A-836E-DF6103055586}"
EndProject
Project("{9A19103F-16F7-4668-BE54-9A1E7A4F7556}") = "Variables", "Variables\Variables.csproj", "{0FEC8D5E-0C00-483A-8785-F2C62DB6B2D2}"
EndProject
Project("{9A19103F-16F7-4668-BE54-9A1E7A4F7556}") = "Funciones", "Funciones\Funciones.csproj", "{4EAB00DD-2026-45F3-9A7C-EC0F28F1BCDD}"
EndProject
Project("{9A19103F-16F7-4668-BE54-9A1E7A4F7556}") = "Condicionales", "Condicionales\Condicionales.csproj", "{BB10FCCE-FFDA-4C0E-AFD5-625DA8FD6E04}"
EndProject
Project("{9A19103F-16F7-4668-BE54-9A1E7A4F7556}") = "SentenciaSwitch", "SentenciaSwitch\SentenciaSwitch.csproj", "{4915C0B3-6DEE-4941-ADB5-88DCA71B2522}"
EndProject
Project("{FAE04EC0-301F-11D3-BF4B-00C04F79EFBC}") = "Arreglos", "Arreglos\Arreglos.csproj", "{3131DA25-1A37-40F2-870E-392A930BF166}"
EndProject
Project("{FAE04EC0-301F-11D3-BF4B-00C04F79EFBC}") = "WhileDoWhile", "WhileDoWhile\WhileDoWhile.csproj", "{19E74321-44C8-4F8F-BBB7-954A53BEE0FE}"
EndProject
Global
	GlobalSection(SolutionConfigurationPlatforms) = preSolution
		Debug|Any CPU = Debug|Any CPU
		Release|Any CPU = Release|Any CPU
	EndGlobalSection
	GlobalSection(ProjectConfigurationPlatforms) = postSolution
		{CA6CF56E-FD21-448A-836E-DF6103055586}.Debug|Any CPU.ActiveCfg = Debug|Any CPU
		{CA6CF56E-FD21-448A-836E-DF6103055586}.Debug|Any CPU.Build.0 = Debug|Any CPU
		{CA6CF56E-FD21-448A-836E-DF6103055586}.Release|Any CPU.ActiveCfg = Release|Any CPU
		{CA6CF56E-FD21-448A-836E-DF6103055586}.Release|Any CPU.Build.0 = Release|Any CPU
		{0FEC8D5E-0C00-483A-8785-F2C62DB6B2D2}.Debug|Any CPU.ActiveCfg = Debug|Any CPU
		{0FEC8D5E-0C00-483A-8785-F2C62DB6B2D2}.Debug|Any CPU.Build.0 = Debug|Any CPU
		{0FEC8D5E-0C00-483A-8785-F2C62DB6B2D2}.Release|Any CPU.ActiveCfg = Release|Any CPU
		{0FEC8D5E-0C00-483A-8785-F2C62DB6B2D2}.Release|Any CPU.Build.0 = Release|Any CPU
		{4EAB00DD-2026-45F3-9A7C-EC0F28F1BCDD}.Debug|Any CPU.ActiveCfg = Debug|Any CPU
		{4EAB00DD-2026-45F3-9A7C-EC0F28F1BCDD}.Debug|Any CPU.Build.0 = Debug|Any CPU
		{4EAB00DD-2026-45F3-9A7C-EC0F28F1BCDD}.Release|Any CPU.ActiveCfg = Release|Any CPU
		{4EAB00DD-2026-45F3-9A7C-EC0F28F1BCDD}.Release|Any CPU.Build.0 = Release|Any CPU
		{BB10FCCE-FFDA-4C0E-AFD5-625DA8FD6E04}.Debug|Any CPU.ActiveCfg = Debug|Any CPU
		{BB10FCCE-FFDA-4C0E-AFD5-625DA8FD6E04}.Debug|Any CPU.Build.0 = Debug|Any CPU
		{BB10FCCE-FFDA-4C0E-AFD5-625DA8FD6E04}.Release|Any CPU.ActiveCfg = Release|Any CPU
		{BB10FCCE-FFDA-4C0E-AFD5-625DA8FD6E04}.Release|Any CPU.Build.0 = Release|Any CPU
		{4915C0B3-6DEE-4941-ADB5-88DCA71B2522}.Debug|Any CPU.ActiveCfg = Debug|Any CPU
		{4915C0B3-6DEE-4941-ADB5-88DCA71B2522}.Debug|Any CPU.Build.0 = Debug|Any CPU
		{4915C0B3-6DEE-4941-ADB5-88DCA71B2522}.Release|Any CPU.ActiveCfg = Release|Any CPU
		{4915C0B3-6DEE-4941-ADB5-88DCA71B2522}.Release|Any CPU.Build.0 = Release|Any CPU
		{3131DA25-1A37-40F2-870E-392A930BF166}.Debug|Any CPU.ActiveCfg = Debug|Any CPU
		{3131DA25-1A37-40F2-870E-392A930BF166}.Debug|Any CPU.Build.0 = Debug|Any CPU
		{3131DA25-1A37-40F2-870E-392A930BF166}.Release|Any CPU.ActiveCfg = Release|Any CPU
		{3131DA25-1A37-40F2-870E-392A930BF166}.Release|Any CPU.Build.0 = Release|Any CPU
		{19E74321-44C8-4F8F-BBB7-954A53BEE0FE}.Debug|Any CPU.ActiveCfg = Debug|Any CPU
		{19E74321-44C8-4F8F-BBB7-954A53BEE0FE}.Debug|Any CPU.Build.0 = Debug|Any CPU
		{19E74321-44C8-4F8F-BBB7-954A53BEE0FE}.Release|Any CPU.ActiveCfg = Release|Any CPU
		{19E74321-44C8-4F8F-BBB7-954A53BEE0FE}.Release|Any CPU.Build.0 = Release|Any CPU
	EndGlobalSection
	GlobalSection(SolutionProperties) = preSolution
		HideSolutionNode = FALSE
	EndGlobalSection
	GlobalSection(ExtensibilityGlobals) = postSolution
		SolutionGuid = {4496744A-FF9C-4971-BF3F-4109714B5264}
	EndGlobalSection
EndGlobal
